
Microsoft Visual Studio Solution File, Format Version 12.00
# Visual Studio 15
VisualStudioVersion = 15.0.28307.421
MinimumVisualStudioVersion = 10.0.40219.1
Project("{FAE04EC0-301F-11D3-BF4B-00C04F79EFBC}") = "PESELVeryficator", "PESELGenerator\PESELVeryficator.csproj", "{E1FA2C83-A4FB-43B8-8BB2-DB82AD1C7E96}"
EndProject
Global
	GlobalSection(SolutionConfigurationPlatforms) = preSolution
		Debug|Any CPU = Debug|Any CPU
		Release|Any CPU = Release|Any CPU
	EndGlobalSection
	GlobalSection(ProjectConfigurationPlatforms) = postSolution
		{E1FA2C83-A4FB-43B8-8BB2-DB82AD1C7E96}.Debug|Any CPU.ActiveCfg = Debug|Any CPU
		{E1FA2C83-A4FB-43B8-8BB2-DB82AD1C7E96}.Debug|Any CPU.Build.0 = Debug|Any CPU
		{E1FA2C83-A4FB-43B8-8BB2-DB82AD1C7E96}.Release|Any CPU.ActiveCfg = Release|Any CPU
		{E1FA2C83-A4FB-43B8-8BB2-DB82AD1C7E96}.Release|Any CPU.Build.0 = Release|Any CPU
	EndGlobalSection
	GlobalSection(SolutionProperties) = preSolution
		HideSolutionNode = FALSE
	EndGlobalSection
	GlobalSection(ExtensibilityGlobals) = postSolution
		SolutionGuid = {498524A3-57BB-4B99-900D-106E1747B640}
	EndGlobalSection
EndGlobal
